
Microsoft Visual Studio Solution File, Format Version 12.00
# Visual Studio 2012
Project("{FAE04EC0-301F-11D3-BF4B-00C04F79EFBC}") = "FH-Erfurt-App-Cross", "FH-Erfurt-App-Cross\FH-Erfurt-App-Cross.csproj", "{37D070F5-5A53-46B2-8701-E63B6BDD726C}"
EndProject
Project("{FAE04EC0-301F-11D3-BF4B-00C04F79EFBC}") = "FH-Erfurt-App-Cross.Droid", "Droid\FH-Erfurt-App-Cross.Droid.csproj", "{342661DE-2CD7-413D-878C-10212CC73545}"
EndProject
Global
	GlobalSection(SolutionConfigurationPlatforms) = preSolution
		Debug|Any CPU = Debug|Any CPU
		Release|Any CPU = Release|Any CPU
	EndGlobalSection
	GlobalSection(ProjectConfigurationPlatforms) = postSolution
		{342661DE-2CD7-413D-878C-10212CC73545}.Debug|Any CPU.ActiveCfg = Debug|Any CPU
		{342661DE-2CD7-413D-878C-10212CC73545}.Debug|Any CPU.Build.0 = Debug|Any CPU
		{342661DE-2CD7-413D-878C-10212CC73545}.Release|Any CPU.ActiveCfg = Release|Any CPU
		{342661DE-2CD7-413D-878C-10212CC73545}.Release|Any CPU.Build.0 = Release|Any CPU
		{37D070F5-5A53-46B2-8701-E63B6BDD726C}.Debug|Any CPU.ActiveCfg = Debug|Any CPU
		{37D070F5-5A53-46B2-8701-E63B6BDD726C}.Debug|Any CPU.Build.0 = Debug|Any CPU
		{37D070F5-5A53-46B2-8701-E63B6BDD726C}.Release|Any CPU.ActiveCfg = Release|Any CPU
		{37D070F5-5A53-46B2-8701-E63B6BDD726C}.Release|Any CPU.Build.0 = Release|Any CPU
	EndGlobalSection
EndGlobal
